# Python 3.11; binary wheels only. Exact PyPI metadata retrieved 2026-10-07.
# Windows AMD64 and Linux x86_64 CPython 3.11; no source builds or format extras.
jsonschema==4.25.1 --hash=sha256:3fba0169e345c7175110351d456342c364814cfcf3b964ba4587f22915230a63
referencing==0.36.2 --hash=sha256:e8699adbbf8b5c7de96d8ffa0eb5c158b3beafce084968e2ea8bb08c6794dcd0
attrs==25.3.0 --hash=sha256:427318ce031701fea540783410126f03899a97ffc6f61596ad581ac2e40e3bc3
jsonschema-specifications==2025.9.1 --hash=sha256:98802fee3a11ee76ecaca44429fda8a41bff98b00a0f2838151b113f210cc6fe
rpds-py==0.27.1 --hash=sha256:b4938466c6b257b2f5c4ff98acd8128ec36b5059e5c8f8372d79316b1c36bb15 --hash=sha256:cb56c6210ef77caa58e16e8c17d35c63fe3f5b60fd9ba9d424470c3400bcf9ed
typing-extensions==4.15.0 --hash=sha256:f0fa19c6845758ab08074a0cfa8b7aecb71c999ca73d62883bc25cc018c4e548
